
Microsoft Visual Studio Solution File, Format Version 12.00
# Visual Studio Version 17
VisualStudioVersion = 17.1.32328.378
MinimumVisualStudioVersion = 10.0.40219.1
Project("{FAE04EC0-301F-11D3-BF4B-00C04F79EFBC}") = "Appsmith", "Appsmith.csproj", "{C261003A-BE41-4C0A-8C6C-B928055DE718}"
EndProject
Project("{2150E333-8FDC-42A3-9474-1A3956D46DE8}") = "Solution Items", "Solution Items", "{4247F5E6-A7D0-4766-A22B-A2281190337B}"
	ProjectSection(SolutionItems) = preProject
		ReadMe.md = ReadMe.md
	EndProjectSection
EndProject
Global
	GlobalSection(SolutionConfigurationPlatforms) = preSolution
		Debug|Any CPU = Debug|Any CPU
		Release|Any CPU = Release|Any CPU
	EndGlobalSection
	GlobalSection(ProjectConfigurationPlatforms) = postSolution
		{C261003A-BE41-4C0A-8C6C-B928055DE718}.Debug|Any CPU.ActiveCfg = Debug|Any CPU
		{C261003A-BE41-4C0A-8C6C-B928055DE718}.Debug|Any CPU.Build.0 = Debug|Any CPU
		{C261003A-BE41-4C0A-8C6C-B928055DE718}.Release|Any CPU.ActiveCfg = Release|Any CPU
		{C261003A-BE41-4C0A-8C6C-B928055DE718}.Release|Any CPU.Build.0 = Release|Any CPU
	EndGlobalSection
	GlobalSection(SolutionProperties) = preSolution
		HideSolutionNode = FALSE
	EndGlobalSection
	GlobalSection(ExtensibilityGlobals) = postSolution
		SolutionGuid = {DBD46383-A70D-43EB-B04A-54069A79D701}
	EndGlobalSection
EndGlobal
